
Microsoft Visual Studio Solution File, Format Version 12.00
# Visual Studio Version 16
VisualStudioVersion = 16.0.31624.102
MinimumVisualStudioVersion = 10.0.40219.1
Project("{FAE04EC0-301F-11D3-BF4B-00C04F79EFBC}") = "Array Ammo System", "Array Ammo System\Array Ammo System.csproj", "{0598C2E2-41F0-4FD1-B19B-B2C9A1E1FD48}"
EndProject
Global
	GlobalSection(SolutionConfigurationPlatforms) = preSolution
		Debug|Any CPU = Debug|Any CPU
		Release|Any CPU = Release|Any CPU
	EndGlobalSection
	GlobalSection(ProjectConfigurationPlatforms) = postSolution
		{0598C2E2-41F0-4FD1-B19B-B2C9A1E1FD48}.Debug|Any CPU.ActiveCfg = Debug|Any CPU
		{0598C2E2-41F0-4FD1-B19B-B2C9A1E1FD48}.Debug|Any CPU.Build.0 = Debug|Any CPU
		{0598C2E2-41F0-4FD1-B19B-B2C9A1E1FD48}.Release|Any CPU.ActiveCfg = Release|Any CPU
		{0598C2E2-41F0-4FD1-B19B-B2C9A1E1FD48}.Release|Any CPU.Build.0 = Release|Any CPU
	EndGlobalSection
	GlobalSection(SolutionProperties) = preSolution
		HideSolutionNode = FALSE
	EndGlobalSection
	GlobalSection(ExtensibilityGlobals) = postSolution
		SolutionGuid = {78D938B3-66C5-45F2-B0B9-FB9A4D9DA806}
	EndGlobalSection
EndGlobal
